// !$*UTF8*$!
{
	archiveVersion = 1;
	classes = {
	};
	objectVersion = 50;
	objects = {

/* Begin PBXBuildFile section */
		92A0AFCB220A2C2600DD448B /* DataModel.xcdatamodeld in Sources */ = {isa = PBXBuildFile; fileRef = 92A0AFC9220A2C2600DD448B /* DataModel.xcdatamodeld */; };
		92A0AFEE220AE6B500DD448B /* CategoryViewController.swift in Sources */ = {isa = PBXBuildFile; fileRef = 92A0AFED220AE6B500DD448B /* CategoryViewController.swift */; };
		92B0DAE42209BED8005A017D /* AppDelegate.swift in Sources */ = {isa = PBXBuildFile; fileRef = 92B0DAE32209BED8005A017D /* AppDelegate.swift */; };
		92B0DAE62209BED8005A017D /* ToDoListViewController.swift in Sources */ = {isa = PBXBuildFile; fileRef = 92B0DAE52209BED8005A017D /* ToDoListViewController.swift */; };
		92B0DAE92209BED8005A017D /* Main.storyboard in Resources */ = {isa = PBXBuildFile; fileRef = 92B0DAE72209BED8005A017D /* Main.storyboard */; };
		92B0DAEB2209BEDB005A017D /* Assets.xcassets in Resources */ = {isa = PBXBuildFile; fileRef = 92B0DAEA2209BEDB005A017D /* Assets.xcassets */; };
		92B0DAEE2209BEDB005A017D /* LaunchScreen.storyboard in Resources */ = {isa = PBXBuildFile; fileRef = 92B0DAEC2209BEDB005A017D /* LaunchScreen.storyboard */; };
/* End PBXBuildFile section */

/* Begin PBXFileReference section */
		92A0AFCA220A2C2600DD448B /* DataModel.xcdatamodel */ = {isa = PBXFileReference; lastKnownFileType = wrapper.xcdatamodel; path = DataModel.xcdatamodel; sourceTree = "<group>"; };
		92A0AFED220AE6B500DD448B /* CategoryViewController.swift */ = {isa = PBXFileReference; lastKnownFileType = sourcecode.swift; path = CategoryViewController.swift; sourceTree = "<group>"; };
		92B0DAE02209BED8005A017D /* Todoey.app */ = {isa = PBXFileReference; explicitFileType = wrapper.application; includeInIndex = 0; path = Todoey.app; sourceTree = BUILT_PRODUCTS_DIR; };
		92B0DAE32209BED8005A017D /* AppDelegate.swift */ = {isa = PBXFileReference; lastKnownFileType = sourcecode.swift; path = AppDelegate.swift; sourceTree = "<group>"; };
		92B0DAE52209BED8005A017D /* ToDoListViewController.swift */ = {isa = PBXFileReference; lastKnownFileType = sourcecode.swift; path = ToDoListViewController.swift; sourceTree = "<group>"; };
		92B0DAE82209BED8005A017D /* Base */ = {isa = PBXFileReference; lastKnownFileType = file.storyboard; name = Base; path = Base.lproj/Main.storyboard; sourceTree = "<group>"; };
		92B0DAEA2209BEDB005A017D /* Assets.xcassets */ = {isa = PBXFileReference; lastKnownFileType = folder.assetcatalog; path = Assets.xcassets; sourceTree = "<group>"; };
		92B0DAED2209BEDB005A017D /* Base */ = {isa = PBXFileReference; lastKnownFileType = file.storyboard; name = Base; path = Base.lproj/LaunchScreen.storyboard; sourceTree = "<group>"; };
		92B0DAEF2209BEDB005A017D /* Info.plist */ = {isa = PBXFileReference; lastKnownFileType = text.plist.xml; path = Info.plist; sourceTree = "<group>"; };
/* End PBXFileReference section */

/* Begin PBXFrameworksBuildPhase section */
		92B0DADD2209BED8005A017D /* Frameworks */ = {
			isa = PBXFrameworksBuildPhase;
			buildActionMask = 2147483647;
			files = (
			);
			runOnlyForDeploymentPostprocessing = 0;
		};
/* End PBXFrameworksBuildPhase section */

/* Begin PBXGroup section */
		92A0AFC52209E8FB00DD448B /* Data Model */ = {
			isa = PBXGroup;
			children = (
				92A0AFC9220A2C2600DD448B /* DataModel.xcdatamodeld */,
			);
			path = "Data Model";
			sourceTree = "<group>";
		};
		92A0AFC62209E90500DD448B /* Controllers */ = {
			isa = PBXGroup;
			children = (
				92B0DAE52209BED8005A017D /* ToDoListViewController.swift */,
				92A0AFED220AE6B500DD448B /* CategoryViewController.swift */,
			);
			path = Controllers;
			sourceTree = "<group>";
		};
		92A0AFC72209E91800DD448B /* Supporting Files */ = {
			isa = PBXGroup;
			children = (
				92B0DAEA2209BEDB005A017D /* Assets.xcassets */,
				92B0DAEC2209BEDB005A017D /* LaunchScreen.storyboard */,
			);
			path = "Supporting Files";
			sourceTree = "<group>";
		};
		92A0AFC82209E92100DD448B /* Views */ = {
			isa = PBXGroup;
			children = (
				92B0DAE72209BED8005A017D /* Main.storyboard */,
			);
			path = Views;
			sourceTree = "<group>";
		};
		92B0DAD72209BED8005A017D = {
			isa = PBXGroup;
			children = (
				92B0DAE22209BED8005A017D /* Todoey */,
				92B0DAE12209BED8005A017D /* Products */,
			);
			sourceTree = "<group>";
		};
		92B0DAE12209BED8005A017D /* Products */ = {
			isa = PBXGroup;
			children = (
				92B0DAE02209BED8005A017D /* Todoey.app */,
			);
			name = Products;
			sourceTree = "<group>";
		};
		92B0DAE22209BED8005A017D /* Todoey */ = {
			isa = PBXGroup;
			children = (
				92B0DAE32209BED8005A017D /* AppDelegate.swift */,
				92A0AFC52209E8FB00DD448B /* Data Model */,
				92A0AFC82209E92100DD448B /* Views */,
				92A0AFC62209E90500DD448B /* Controllers */,
				92A0AFC72209E91800DD448B /* Supporting Files */,
				92B0DAEF2209BEDB005A017D /* Info.plist */,
			);
			path = Todoey;
			sourceTree = "<group>";
		};
/* End PBXGroup section */

/* Begin PBXNativeTarget section */
		92B0DADF2209BED8005A017D /* Todoey */ = {
			isa = PBXNativeTarget;
			buildConfigurationList = 92B0DAF22209BEDB005A017D /* Build configuration list for PBXNativeTarget "Todoey" */;
			buildPhases = (
				92B0DADC2209BED8005A017D /* Sources */,
				92B0DADD2209BED8005A017D /* Frameworks */,
				92B0DADE2209BED8005A017D /* Resources */,
			);
			buildRules = (
			);
			dependencies = (
			);
			name = Todoey;
			productName = Todoey;
			productReference = 92B0DAE02209BED8005A017D /* Todoey.app */;
			productType = "com.apple.product-type.application";
		};
/* End PBXNativeTarget section */

/* Begin PBXProject section */
		92B0DAD82209BED8005A017D /* Project object */ = {
			isa = PBXProject;
			attributes = {
				LastSwiftUpdateCheck = 1010;
				LastUpgradeCheck = 1010;
				ORGANIZATIONNAME = "Anthony Jean";
				TargetAttributes = {
					92B0DADF2209BED8005A017D = {
						CreatedOnToolsVersion = 10.1;
					};
				};
			};
			buildConfigurationList = 92B0DADB2209BED8005A017D /* Build configuration list for PBXProject "Todoey" */;
			compatibilityVersion = "Xcode 9.3";
			developmentRegion = en;
			hasScannedForEncodings = 0;
			knownRegions = (
				en,
				Base,
			);
			mainGroup = 92B0DAD72209BED8005A017D;
			productRefGroup = 92B0DAE12209BED8005A017D /* Products */;
			projectDirPath = "";
			projectRoot = "";
			targets = (
				92B0DADF2209BED8005A017D /* Todoey */,
			);
		};
/* End PBXProject section */

/* Begin PBXResourcesBuildPhase section */
		92B0DADE2209BED8005A017D /* Resources */ = {
			isa = PBXResourcesBuildPhase;
			buildActionMask = 2147483647;
			files = (
				92B0DAEE2209BEDB005A017D /* LaunchScreen.storyboard in Resources */,
				92B0DAEB2209BEDB005A017D /* Assets.xcassets in Resources */,
				92B0DAE92209BED8005A017D /* Main.storyboard in Resources */,
			);
			runOnlyForDeploymentPostprocessing = 0;
		};
/* End PBXResourcesBuildPhase section */

/* Begin PBXSourcesBuildPhase section */
		92B0DADC2209BED8005A017D /* Sources */ = {
			isa = PBXSourcesBuildPhase;
			buildActionMask = 2147483647;
			files = (
				92A0AFEE220AE6B500DD448B /* CategoryViewController.swift in Sources */,
				92B0DAE62209BED8005A017D /* ToDoListViewController.swift in Sources */,
				92A0AFCB220A2C2600DD448B /* DataModel.xcdatamodeld in Sources */,
				92B0DAE42209BED8005A017D /* AppDelegate.swift in Sources */,
			);
			runOnlyForDeploymentPostprocessing = 0;
		};
/* End PBXSourcesBuildPhase section */

/* Begin PBXVariantGroup section */
		92B0DAE72209BED8005A017D /* Main.storyboard */ = {
			isa = PBXVariantGroup;
			children = (
				92B0DAE82209BED8005A017D /* Base */,
			);
			name = Main.storyboard;
			sourceTree = "<group>";
		};
		92B0DAEC2209BEDB005A017D /* LaunchScreen.storyboard */ = {
			isa = PBXVariantGroup;
			children = (
				92B0DAED2209BEDB005A017D /* Base */,
			);
			name = LaunchScreen.storyboard;
			sourceTree = "<group>";
		};
/* End PBXVariantGroup section */

/* Begin XCBuildConfiguration section */
		92B0DAF02209BEDB005A017D /* Debug */ = {
			isa = XCBuildConfiguration;
			buildSettings = {
				ALWAYS_SEARCH_USER_PATHS = NO;
				CLANG_ANALYZER_NONNULL = YES;
				CLANG_ANALYZER_NUMBER_OBJECT_CONVERSION = YES_AGGRESSIVE;
				CLANG_CXX_LANGUAGE_STANDARD = "gnu++14";
				CLANG_CXX_LIBRARY = "libc++";
				CLANG_ENABLE_MODULES = YES;
				CLANG_ENABLE_OBJC_ARC = YES;
				CLANG_ENABLE_OBJC_WEAK = YES;
				CLANG_WARN_BLOCK_CAPTURE_AUTORELEASING = YES;
				CLANG_WARN_BOOL_CONVERSION = YES;
				CLANG_WARN_COMMA = YES;
				CLANG_WARN_CONSTANT_CONVERSION = YES;
				CLANG_WARN_DEPRECATED_OBJC_IMPLEMENTATIONS = YES;
				CLANG_WARN_DIRECT_OBJC_ISA_USAGE = YES_ERROR;
				CLANG_WARN_DOCUMENTATION_COMMENTS = YES;
				CLANG_WARN_EMPTY_BODY = YES;
				CLANG_WARN_ENUM_CONVERSION = YES;
				CLANG_WARN_INFINITE_RECURSION = YES;
				CLANG_WARN_INT_CONVERSION = YES;
				CLANG_WARN_NON_LITERAL_NULL_CONVERSION = YES;
				CLANG_WARN_OBJC_IMPLICIT_RETAIN_SELF = YES;
				CLANG_WARN_OBJC_LITERAL_CONVERSION = YES;
				CLANG_WARN_OBJC_ROOT_CLASS = YES_ERROR;
				CLANG_WARN_RANGE_LOOP_ANALYSIS = YES;
				CLANG_WARN_STRICT_PROTOTYPES = YES;
				CLANG_WARN_SUSPICIOUS_MOVE = YES;
				CLANG_WARN_UNGUARDED_AVAILABILITY = YES_AGGRESSIVE;
				CLANG_WARN_UNREACHABLE_CODE = YES;
				CLANG_WARN__DUPLICATE_METHOD_MATCH = YES;
				CODE_SIGN_IDENTITY = "iPhone Developer";
				COPY_PHASE_STRIP = NO;
				DEBUG_INFORMATION_FORMAT = dwarf;
				ENABLE_STRICT_OBJC_MSGSEND = YES;
				ENABLE_TESTABILITY = YES;
				GCC_C_LANGUAGE_STANDARD = gnu11;
				GCC_DYNAMIC_NO_PIC = NO;
				GCC_NO_COMMON_BLOCKS = YES;
				GCC_OPTIMIZATION_LEVEL = 0;
				GCC_PREPROCESSOR_DEFINITIONS = (
					"DEBUG=1",
					"$(inherited)",
				);
				GCC_WARN_64_TO_32_BIT_CONVERSION = YES;
				GCC_WARN_ABOUT_RETURN_TYPE = YES_ERROR;
				GCC_WARN_UNDECLARED_SELECTOR = YES;
				GCC_WARN_UNINITIALIZED_AUTOS = YES_AGGRESSIVE;
				GCC_WARN_UNUSED_FUNCTION = YES;
				GCC_WARN_UNUSED_VARIABLE = YES;
				IPHONEOS_DEPLOYMENT_TARGET = 12.1;
				MTL_ENABLE_DEBUG_INFO = INCLUDE_SOURCE;
				MTL_FAST_MATH = YES;
				ONLY_ACTIVE_ARCH = YES;
				SDKROOT = iphoneos;
				SWIFT_ACTIVE_COMPILATION_CONDITIONS = DEBUG;
				SWIFT_OPTIMIZATION_LEVEL = "-Onone";
			};
			name = Debug;
		};
		92B0DAF12209BEDB005A017D /* Release */ = {
			isa = XCBuildConfiguration;
			buildSettings = {
				ALWAYS_SEARCH_USER_PATHS = NO;
				CLANG_ANALYZER_NONNULL = YES;
				CLANG_ANALYZER_NUMBER_OBJECT_CONVERSION = YES_AGGRESSIVE;
				CLANG_CXX_LANGUAGE_STANDARD = "gnu++14";
				CLANG_CXX_LIBRARY = "libc++";
				CLANG_ENABLE_MODULES = YES;
				CLANG_ENABLE_OBJC_ARC = YES;
				CLANG_ENABLE_OBJC_WEAK = YES;
				CLANG_WARN_BLOCK_CAPTURE_AUTORELEASING = YES;
				CLANG_WARN_BOOL_CONVERSION = YES;
				CLANG_WARN_COMMA = YES;
				CLANG_WARN_CONSTANT_CONVERSION = YES;
				CLANG_WARN_DEPRECATED_OBJC_IMPLEMENTATIONS = YES;
				CLANG_WARN_DIRECT_OBJC_ISA_USAGE = YES_ERROR;
				CLANG_WARN_DOCUMENTATION_COMMENTS = YES;
				CLANG_WARN_EMPTY_BODY = YES;
				CLANG_WARN_ENUM_CONVERSION = YES;
				CLANG_WARN_INFINITE_RECURSION = YES;
				CLANG_WARN_INT_CONVERSION = YES;
				CLANG_WARN_NON_LITERAL_NULL_CONVERSION = YES;
				CLANG_WARN_OBJC_IMPLICIT_RETAIN_SELF = YES;
				CLANG_WARN_OBJC_LITERAL_CONVERSION = YES;
				CLANG_WARN_OBJC_ROOT_CLASS = YES_ERROR;
				CLANG_WARN_RANGE_LOOP_ANALYSIS = YES;
				CLANG_WARN_STRICT_PROTOTYPES = YES;
				CLANG_WARN_SUSPICIOUS_MOVE = YES;
				CLANG_WARN_UNGUARDED_AVAILABILITY = YES_AGGRESSIVE;
				CLANG_WARN_UNREACHABLE_CODE = YES;
				CLANG_WARN__DUPLICATE_METHOD_MATCH = YES;
				CODE_SIGN_IDENTITY = "iPhone Developer";
				COPY_PHASE_STRIP = NO;
				DEBUG_INFORMATION_FORMAT = "dwarf-with-dsym";
				ENABLE_NS_ASSERTIONS = NO;
				ENABLE_STRICT_OBJC_MSGSEND = YES;
				GCC_C_LANGUAGE_STANDARD = gnu11;
				GCC_NO_COMMON_BLOCKS = YES;
				GCC_WARN_64_TO_32_BIT_CONVERSION = YES;
				GCC_WARN_ABOUT_RETURN_TYPE = YES_ERROR;
				GCC_WARN_UNDECLARED_SELECTOR = YES;
				GCC_WARN_UNINITIALIZED_AUTOS = YES_AGGRESSIVE;
				GCC_WARN_UNUSED_FUNCTION = YES;
				GCC_WARN_UNUSED_VARIABLE = YES;
				IPHONEOS_DEPLOYMENT_TARGET = 12.1;
				MTL_ENABLE_DEBUG_INFO = NO;
				MTL_FAST_MATH = YES;
				SDKROOT = iphoneos;
				SWIFT_COMPILATION_MODE = wholemodule;
				SWIFT_OPTIMIZATION_LEVEL = "-O";
				VALIDATE_PRODUCT = YES;
			};
			name = Release;
		};
		92B0DAF32209BEDB005A017D /* Debug */ = {
			isa = XCBuildConfiguration;
			buildSettings = {
				ASSETCATALOG_COMPILER_APPICON_NAME = AppIcon;
				CODE_SIGN_STYLE = Automatic;
				DEVELOPMENT_TEAM = 9N8X2985G9;
				INFOPLIST_FILE = Todoey/Info.plist;
				LD_RUNPATH_SEARCH_PATHS = (
					"$(inherited)",
					"@executable_path/Frameworks",
				);
				PRODUCT_BUNDLE_IDENTIFIER = com.rakoun.Todoey;
				PRODUCT_NAME = "$(TARGET_NAME)";
				SWIFT_VERSION = 4.2;
				TARGETED_DEVICE_FAMILY = "1,2";
			};
			name = Debug;
		};
		92B0DAF42209BEDB005A017D /* Release */ = {
			isa = XCBuildConfiguration;
			buildSettings = {
				ASSETCATALOG_COMPILER_APPICON_NAME = AppIcon;
				CODE_SIGN_STYLE = Automatic;
				DEVELOPMENT_TEAM = 9N8X2985G9;
				INFOPLIST_FILE = Todoey/Info.plist;
				LD_RUNPATH_SEARCH_PATHS = (
					"$(inherited)",
					"@executable_path/Frameworks",
				);
				PRODUCT_BUNDLE_IDENTIFIER = com.rakoun.Todoey;
				PRODUCT_NAME = "$(TARGET_NAME)";
				SWIFT_VERSION = 4.2;
				TARGETED_DEVICE_FAMILY = "1,2";
			};
			name = Release;
		};
/* End XCBuildConfiguration section */

/* Begin XCConfigurationList section */
		92B0DADB2209BED8005A017D /* Build configuration list for PBXProject "Todoey" */ = {
			isa = XCConfigurationList;
			buildConfigurations = (
				92B0DAF02209BEDB005A017D /* Debug */,
				92B0DAF12209BEDB005A017D /* Release */,
			);
			defaultConfigurationIsVisible = 0;
			defaultConfigurationName = Release;
		};
		92B0DAF22209BEDB005A017D /* Build configuration list for PBXNativeTarget "Todoey" */ = {
			isa = XCConfigurationList;
			buildConfigurations = (
				92B0DAF32209BEDB005A017D /* Debug */,
				92B0DAF42209BEDB005A017D /* Release */,
			);
			defaultConfigurationIsVisible = 0;
			defaultConfigurationName = Release;
		};
/* End XCConfigurationList section */

/* Begin XCVersionGroup section */
		92A0AFC9220A2C2600DD448B /* DataModel.xcdatamodeld */ = {
			isa = XCVersionGroup;
			children = (
				92A0AFCA220A2C2600DD448B /* DataModel.xcdatamodel */,
			);
			currentVersion = 92A0AFCA220A2C2600DD448B /* DataModel.xcdatamodel */;
			path = DataModel.xcdatamodeld;
			sourceTree = "<group>";
			versionGroupType = wrapper.xcdatamodel;
		};
/* End XCVersionGroup section */
	};
	rootObject = 92B0DAD82209BED8005A017D /* Project object */;
}
